// !$*UTF8*$!
{
	archiveVersion = 1;
	classes = {
	};
	objectVersion = 50;
	objects = {

/* Begin PBXBuildFile section */
		D65C881E278FC6D800B0C1AB /* LocationModel.swift in Sources */ = {isa = PBXBuildFile; fileRef = D65C881D278FC6D800B0C1AB /* LocationModel.swift */; };
		D65EAF7D27D7C4F000A9332F /* ErrorResponse.swift in Sources */ = {isa = PBXBuildFile; fileRef = D65EAF7C27D7C4F000A9332F /* ErrorResponse.swift */; };
		D65EAF8227D7F9D300A9332F /* LoginResponse.swift in Sources */ = {isa = PBXBuildFile; fileRef = D65EAF8127D7F9D300A9332F /* LoginResponse.swift */; };
		D661EC0D271A1EF8003F124F /* AppDelegate.swift in Sources */ = {isa = PBXBuildFile; fileRef = D661EC0C271A1EF8003F124F /* AppDelegate.swift */; };
		D661EC0F271A1EF8003F124F /* SceneDelegate.swift in Sources */ = {isa = PBXBuildFile; fileRef = D661EC0E271A1EF8003F124F /* SceneDelegate.swift */; };
		D661EC11271A1EF8003F124F /* LoginViewController.swift in Sources */ = {isa = PBXBuildFile; fileRef = D661EC10271A1EF8003F124F /* LoginViewController.swift */; };
		D661EC14271A1EF8003F124F /* Main.storyboard in Resources */ = {isa = PBXBuildFile; fileRef = D661EC12271A1EF8003F124F /* Main.storyboard */; };
		D661EC16271A1EF9003F124F /* Assets.xcassets in Resources */ = {isa = PBXBuildFile; fileRef = D661EC15271A1EF9003F124F /* Assets.xcassets */; };
		D661EC19271A1EF9003F124F /* LaunchScreen.storyboard in Resources */ = {isa = PBXBuildFile; fileRef = D661EC17271A1EF9003F124F /* LaunchScreen.storyboard */; };
		D661EC24271A1EF9003F124F /* OnTheMapTests.swift in Sources */ = {isa = PBXBuildFile; fileRef = D661EC23271A1EF9003F124F /* OnTheMapTests.swift */; };
		D661EC2F271A1EF9003F124F /* OnTheMapUITests.swift in Sources */ = {isa = PBXBuildFile; fileRef = D661EC2E271A1EF9003F124F /* OnTheMapUITests.swift */; };
		D6A9325B276AEB82001F7170 /* StudentLocation.swift in Sources */ = {isa = PBXBuildFile; fileRef = D6A9325A276AEB82001F7170 /* StudentLocation.swift */; };
		D6A9325D276B9FE8001F7170 /* APIClient.swift in Sources */ = {isa = PBXBuildFile; fileRef = D6A9325C276B9FE8001F7170 /* APIClient.swift */; };
		D6A93261276BB603001F7170 /* Account.swift in Sources */ = {isa = PBXBuildFile; fileRef = D6A93260276BB603001F7170 /* Account.swift */; };
		D6A93263276BB611001F7170 /* Session.swift in Sources */ = {isa = PBXBuildFile; fileRef = D6A93262276BB611001F7170 /* Session.swift */; };
		D6A93265276BB7F2001F7170 /* SessionDetails.swift in Sources */ = {isa = PBXBuildFile; fileRef = D6A93264276BB7F2001F7170 /* SessionDetails.swift */; };
		D6A93267276CDA58001F7170 /* StudentInformation.swift in Sources */ = {isa = PBXBuildFile; fileRef = D6A93266276CDA58001F7170 /* StudentInformation.swift */; };
		D6A93269276CE069001F7170 /* LocationCreation.swift in Sources */ = {isa = PBXBuildFile; fileRef = D6A93268276CE069001F7170 /* LocationCreation.swift */; };
		D6A9326B276CE08F001F7170 /* LocationUpdation.swift in Sources */ = {isa = PBXBuildFile; fileRef = D6A9326A276CE08F001F7170 /* LocationUpdation.swift */; };
		D6A9326D276CE176001F7170 /* UserDetails.swift in Sources */ = {isa = PBXBuildFile; fileRef = D6A9326C276CE176001F7170 /* UserDetails.swift */; };
		D6A9326F276CE228001F7170 /* User.swift in Sources */ = {isa = PBXBuildFile; fileRef = D6A9326E276CE228001F7170 /* User.swift */; };
		D6A932B42770E0AD001F7170 /* LoginRequest.swift in Sources */ = {isa = PBXBuildFile; fileRef = D6A932B32770E0AD001F7170 /* LoginRequest.swift */; };
		D6D04674278E6A2600B98210 /* TableViewController.swift in Sources */ = {isa = PBXBuildFile; fileRef = D6D04673278E6A2600B98210 /* TableViewController.swift */; };
		D6D04676278E820A00B98210 /* MapViewController.swift in Sources */ = {isa = PBXBuildFile; fileRef = D6D04675278E820A00B98210 /* MapViewController.swift */; };
		D6D04678278E8A6E00B98210 /* CustomNavBarController.swift in Sources */ = {isa = PBXBuildFile; fileRef = D6D04677278E8A6E00B98210 /* CustomNavBarController.swift */; };
/* End PBXBuildFile section */

/* Begin PBXContainerItemProxy section */
		D661EC20271A1EF9003F124F /* PBXContainerItemProxy */ = {
			isa = PBXContainerItemProxy;
			containerPortal = D661EC01271A1EF8003F124F /* Project object */;
			proxyType = 1;
			remoteGlobalIDString = D661EC08271A1EF8003F124F;
			remoteInfo = OnTheMap;
		};
		D661EC2B271A1EF9003F124F /* PBXContainerItemProxy */ = {
			isa = PBXContainerItemProxy;
			containerPortal = D661EC01271A1EF8003F124F /* Project object */;
			proxyType = 1;
			remoteGlobalIDString = D661EC08271A1EF8003F124F;
			remoteInfo = OnTheMap;
		};
/* End PBXContainerItemProxy section */

/* Begin PBXFileReference section */
		D65C881D278FC6D800B0C1AB /* LocationModel.swift */ = {isa = PBXFileReference; lastKnownFileType = sourcecode.swift; path = LocationModel.swift; sourceTree = "<group>"; };
		D65EAF7C27D7C4F000A9332F /* ErrorResponse.swift */ = {isa = PBXFileReference; lastKnownFileType = sourcecode.swift; path = ErrorResponse.swift; sourceTree = "<group>"; };
		D65EAF8127D7F9D300A9332F /* LoginResponse.swift */ = {isa = PBXFileReference; lastKnownFileType = sourcecode.swift; path = LoginResponse.swift; sourceTree = "<group>"; };
		D661EC09271A1EF8003F124F /* OnTheMap.app */ = {isa = PBXFileReference; explicitFileType = wrapper.application; includeInIndex = 0; path = OnTheMap.app; sourceTree = BUILT_PRODUCTS_DIR; };
		D661EC0C271A1EF8003F124F /* AppDelegate.swift */ = {isa = PBXFileReference; lastKnownFileType = sourcecode.swift; path = AppDelegate.swift; sourceTree = "<group>"; };
		D661EC0E271A1EF8003F124F /* SceneDelegate.swift */ = {isa = PBXFileReference; lastKnownFileType = sourcecode.swift; path = SceneDelegate.swift; sourceTree = "<group>"; };
		D661EC10271A1EF8003F124F /* LoginViewController.swift */ = {isa = PBXFileReference; lastKnownFileType = sourcecode.swift; path = LoginViewController.swift; sourceTree = "<group>"; };
		D661EC13271A1EF8003F124F /* Base */ = {isa = PBXFileReference; lastKnownFileType = file.storyboard; name = Base; path = Base.lproj/Main.storyboard; sourceTree = "<group>"; };
		D661EC15271A1EF9003F124F /* Assets.xcassets */ = {isa = PBXFileReference; lastKnownFileType = folder.assetcatalog; path = Assets.xcassets; sourceTree = "<group>"; };
		D661EC18271A1EF9003F124F /* Base */ = {isa = PBXFileReference; lastKnownFileType = file.storyboard; name = Base; path = Base.lproj/LaunchScreen.storyboard; sourceTree = "<group>"; };
		D661EC1A271A1EF9003F124F /* Info.plist */ = {isa = PBXFileReference; lastKnownFileType = text.plist.xml; path = Info.plist; sourceTree = "<group>"; };
		D661EC1F271A1EF9003F124F /* OnTheMapTests.xctest */ = {isa = PBXFileReference; explicitFileType = wrapper.cfbundle; includeInIndex = 0; path = OnTheMapTests.xctest; sourceTree = BUILT_PRODUCTS_DIR; };
		D661EC23271A1EF9003F124F /* OnTheMapTests.swift */ = {isa = PBXFileReference; lastKnownFileType = sourcecode.swift; path = OnTheMapTests.swift; sourceTree = "<group>"; };
		D661EC25271A1EF9003F124F /* Info.plist */ = {isa = PBXFileReference; lastKnownFileType = text.plist.xml; path = Info.plist; sourceTree = "<group>"; };
		D661EC2A271A1EF9003F124F /* OnTheMapUITests.xctest */ = {isa = PBXFileReference; explicitFileType = wrapper.cfbundle; includeInIndex = 0; path = OnTheMapUITests.xctest; sourceTree = BUILT_PRODUCTS_DIR; };
		D661EC2E271A1EF9003F124F /* OnTheMapUITests.swift */ = {isa = PBXFileReference; lastKnownFileType = sourcecode.swift; path = OnTheMapUITests.swift; sourceTree = "<group>"; };
		D661EC30271A1EF9003F124F /* Info.plist */ = {isa = PBXFileReference; lastKnownFileType = text.plist.xml; path = Info.plist; sourceTree = "<group>"; };
		D6A9325A276AEB82001F7170 /* StudentLocation.swift */ = {isa = PBXFileReference; lastKnownFileType = sourcecode.swift; path = StudentLocation.swift; sourceTree = "<group>"; };
		D6A9325C276B9FE8001F7170 /* APIClient.swift */ = {isa = PBXFileReference; lastKnownFileType = sourcecode.swift; path = APIClient.swift; sourceTree = "<group>"; };
		D6A93260276BB603001F7170 /* Account.swift */ = {isa = PBXFileReference; lastKnownFileType = sourcecode.swift; path = Account.swift; sourceTree = "<group>"; };
		D6A93262276BB611001F7170 /* Session.swift */ = {isa = PBXFileReference; lastKnownFileType = sourcecode.swift; path = Session.swift; sourceTree = "<group>"; };
		D6A93264276BB7F2001F7170 /* SessionDetails.swift */ = {isa = PBXFileReference; lastKnownFileType = sourcecode.swift; path = SessionDetails.swift; sourceTree = "<group>"; };
		D6A93266276CDA58001F7170 /* StudentInformation.swift */ = {isa = PBXFileReference; lastKnownFileType = sourcecode.swift; path = StudentInformation.swift; sourceTree = "<group>"; };
		D6A93268276CE069001F7170 /* LocationCreation.swift */ = {isa = PBXFileReference; lastKnownFileType = sourcecode.swift; path = LocationCreation.swift; sourceTree = "<group>"; };
		D6A9326A276CE08F001F7170 /* LocationUpdation.swift */ = {isa = PBXFileReference; lastKnownFileType = sourcecode.swift; path = LocationUpdation.swift; sourceTree = "<group>"; };
		D6A9326C276CE176001F7170 /* UserDetails.swift */ = {isa = PBXFileReference; lastKnownFileType = sourcecode.swift; path = UserDetails.swift; sourceTree = "<group>"; };
		D6A9326E276CE228001F7170 /* User.swift */ = {isa = PBXFileReference; lastKnownFileType = sourcecode.swift; path = User.swift; sourceTree = "<group>"; };
		D6A932B32770E0AD001F7170 /* LoginRequest.swift */ = {isa = PBXFileReference; lastKnownFileType = sourcecode.swift; path = LoginRequest.swift; sourceTree = "<group>"; };
		D6D04673278E6A2600B98210 /* TableViewController.swift */ = {isa = PBXFileReference; lastKnownFileType = sourcecode.swift; path = TableViewController.swift; sourceTree = "<group>"; };
		D6D04675278E820A00B98210 /* MapViewController.swift */ = {isa = PBXFileReference; lastKnownFileType = sourcecode.swift; path = MapViewController.swift; sourceTree = "<group>"; };
		D6D04677278E8A6E00B98210 /* CustomNavBarController.swift */ = {isa = PBXFileReference; lastKnownFileType = sourcecode.swift; path = CustomNavBarController.swift; sourceTree = "<group>"; };
/* End PBXFileReference section */

/* Begin PBXFrameworksBuildPhase section */
		D661EC06271A1EF8003F124F /* Frameworks */ = {
			isa = PBXFrameworksBuildPhase;
			buildActionMask = 2147483647;
			files = (
			);
			runOnlyForDeploymentPostprocessing = 0;
		};
		D661EC1C271A1EF9003F124F /* Frameworks */ = {
			isa = PBXFrameworksBuildPhase;
			buildActionMask = 2147483647;
			files = (
			);
			runOnlyForDeploymentPostprocessing = 0;
		};
		D661EC27271A1EF9003F124F /* Frameworks */ = {
			isa = PBXFrameworksBuildPhase;
			buildActionMask = 2147483647;
			files = (
			);
			runOnlyForDeploymentPostprocessing = 0;
		};
/* End PBXFrameworksBuildPhase section */

/* Begin PBXGroup section */
		D65C881C278FC6B700B0C1AB /* Data */ = {
			isa = PBXGroup;
			children = (
				D65C881D278FC6D800B0C1AB /* LocationModel.swift */,
			);
			path = Data;
			sourceTree = "<group>";
		};
		D661EC00271A1EF8003F124F = {
			isa = PBXGroup;
			children = (
				D661EC0B271A1EF8003F124F /* OnTheMap */,
				D661EC22271A1EF9003F124F /* OnTheMapTests */,
				D661EC2D271A1EF9003F124F /* OnTheMapUITests */,
				D661EC0A271A1EF8003F124F /* Products */,
			);
			sourceTree = "<group>";
		};
		D661EC0A271A1EF8003F124F /* Products */ = {
			isa = PBXGroup;
			children = (
				D661EC09271A1EF8003F124F /* OnTheMap.app */,
				D661EC1F271A1EF9003F124F /* OnTheMapTests.xctest */,
				D661EC2A271A1EF9003F124F /* OnTheMapUITests.xctest */,
			);
			name = Products;
			sourceTree = "<group>";
		};
		D661EC0B271A1EF8003F124F /* OnTheMap */ = {
			isa = PBXGroup;
			children = (
				D6A93270276CE604001F7170 /* Assets */,
				D661EC3E271A1F46003F124F /* Model */,
				D661EC0C271A1EF8003F124F /* AppDelegate.swift */,
				D661EC0E271A1EF8003F124F /* SceneDelegate.swift */,
				D661EC3C271A1F2E003F124F /* Controller */,
				D661EC3D271A1F40003F124F /* View */,
				D661EC1A271A1EF9003F124F /* Info.plist */,
			);
			path = OnTheMap;
			sourceTree = "<group>";
		};
		D661EC22271A1EF9003F124F /* OnTheMapTests */ = {
			isa = PBXGroup;
			children = (
				D661EC23271A1EF9003F124F /* OnTheMapTests.swift */,
				D661EC25271A1EF9003F124F /* Info.plist */,
			);
			path = OnTheMapTests;
			sourceTree = "<group>";
		};
		D661EC2D271A1EF9003F124F /* OnTheMapUITests */ = {
			isa = PBXGroup;
			children = (
				D661EC2E271A1EF9003F124F /* OnTheMapUITests.swift */,
				D661EC30271A1EF9003F124F /* Info.plist */,
			);
			path = OnTheMapUITests;
			sourceTree = "<group>";
		};
		D661EC3C271A1F2E003F124F /* Controller */ = {
			isa = PBXGroup;
			children = (
				D661EC10271A1EF8003F124F /* LoginViewController.swift */,
				D6D04673278E6A2600B98210 /* TableViewController.swift */,
				D6D04675278E820A00B98210 /* MapViewController.swift */,
				D6D04677278E8A6E00B98210 /* CustomNavBarController.swift */,
			);
			path = Controller;
			sourceTree = "<group>";
		};
		D661EC3D271A1F40003F124F /* View */ = {
			isa = PBXGroup;
			children = (
				D661EC12271A1EF8003F124F /* Main.storyboard */,
				D661EC15271A1EF9003F124F /* Assets.xcassets */,
				D661EC17271A1EF9003F124F /* LaunchScreen.storyboard */,
			);
			path = View;
			sourceTree = "<group>";
		};
		D661EC3E271A1F46003F124F /* Model */ = {
			isa = PBXGroup;
			children = (
				D65C881C278FC6B700B0C1AB /* Data */,
				D6A9325F276BA35B001F7170 /* Request */,
				D6A9325E276BA351001F7170 /* Response */,
				D6A9325C276B9FE8001F7170 /* APIClient.swift */,
			);
			path = Model;
			sourceTree = "<group>";
		};
		D6A9325E276BA351001F7170 /* Response */ = {
			isa = PBXGroup;
			children = (
				D6A9325A276AEB82001F7170 /* StudentLocation.swift */,
				D6A93260276BB603001F7170 /* Account.swift */,
				D6A93262276BB611001F7170 /* Session.swift */,
				D6A93264276BB7F2001F7170 /* SessionDetails.swift */,
				D6A93266276CDA58001F7170 /* StudentInformation.swift */,
				D6A93268276CE069001F7170 /* LocationCreation.swift */,
				D6A9326A276CE08F001F7170 /* LocationUpdation.swift */,
				D6A9326C276CE176001F7170 /* UserDetails.swift */,
				D6A9326E276CE228001F7170 /* User.swift */,
				D65EAF7C27D7C4F000A9332F /* ErrorResponse.swift */,
				D65EAF8127D7F9D300A9332F /* LoginResponse.swift */,
			);
			path = Response;
			sourceTree = "<group>";
		};
		D6A9325F276BA35B001F7170 /* Request */ = {
			isa = PBXGroup;
			children = (
				D6A932B32770E0AD001F7170 /* LoginRequest.swift */,
			);
			path = Request;
			sourceTree = "<group>";
		};
		D6A93270276CE604001F7170 /* Assets */ = {
			isa = PBXGroup;
			children = (
			);
			path = Assets;
			sourceTree = "<group>";
		};
/* End PBXGroup section */

/* Begin PBXNativeTarget section */
		D661EC08271A1EF8003F124F /* OnTheMap */ = {
			isa = PBXNativeTarget;
			buildConfigurationList = D661EC33271A1EF9003F124F /* Build configuration list for PBXNativeTarget "OnTheMap" */;
			buildPhases = (
				D661EC05271A1EF8003F124F /* Sources */,
				D661EC06271A1EF8003F124F /* Frameworks */,
				D661EC07271A1EF8003F124F /* Resources */,
			);
			buildRules = (
			);
			dependencies = (
			);
			name = OnTheMap;
			productName = OnTheMap;
			productReference = D661EC09271A1EF8003F124F /* OnTheMap.app */;
			productType = "com.apple.product-type.application";
		};
		D661EC1E271A1EF9003F124F /* OnTheMapTests */ = {
			isa = PBXNativeTarget;
			buildConfigurationList = D661EC36271A1EF9003F124F /* Build configuration list for PBXNativeTarget "OnTheMapTests" */;
			buildPhases = (
				D661EC1B271A1EF9003F124F /* Sources */,
				D661EC1C271A1EF9003F124F /* Frameworks */,
				D661EC1D271A1EF9003F124F /* Resources */,
			);
			buildRules = (
			);
			dependencies = (
				D661EC21271A1EF9003F124F /* PBXTargetDependency */,
			);
			name = OnTheMapTests;
			productName = OnTheMapTests;
			productReference = D661EC1F271A1EF9003F124F /* OnTheMapTests.xctest */;
			productType = "com.apple.product-type.bundle.unit-test";
		};
		D661EC29271A1EF9003F124F /* OnTheMapUITests */ = {
			isa = PBXNativeTarget;
			buildConfigurationList = D661EC39271A1EF9003F124F /* Build configuration list for PBXNativeTarget "OnTheMapUITests" */;
			buildPhases = (
				D661EC26271A1EF9003F124F /* Sources */,
				D661EC27271A1EF9003F124F /* Frameworks */,
				D661EC28271A1EF9003F124F /* Resources */,
			);
			buildRules = (
			);
			dependencies = (
				D661EC2C271A1EF9003F124F /* PBXTargetDependency */,
			);
			name = OnTheMapUITests;
			productName = OnTheMapUITests;
			productReference = D661EC2A271A1EF9003F124F /* OnTheMapUITests.xctest */;
			productType = "com.apple.product-type.bundle.ui-testing";
		};
/* End PBXNativeTarget section */

/* Begin PBXProject section */
		D661EC01271A1EF8003F124F /* Project object */ = {
			isa = PBXProject;
			attributes = {
				LastSwiftUpdateCheck = 1170;
				LastUpgradeCheck = 1170;
				ORGANIZATIONNAME = "Dhara Bhavsar";
				TargetAttributes = {
					D661EC08271A1EF8003F124F = {
						CreatedOnToolsVersion = 11.7;
					};
					D661EC1E271A1EF9003F124F = {
						CreatedOnToolsVersion = 11.7;
						TestTargetID = D661EC08271A1EF8003F124F;
					};
					D661EC29271A1EF9003F124F = {
						CreatedOnToolsVersion = 11.7;
						TestTargetID = D661EC08271A1EF8003F124F;
					};
				};
			};
			buildConfigurationList = D661EC04271A1EF8003F124F /* Build configuration list for PBXProject "OnTheMap" */;
			compatibilityVersion = "Xcode 9.3";
			developmentRegion = en;
			hasScannedForEncodings = 0;
			knownRegions = (
				en,
				Base,
			);
			mainGroup = D661EC00271A1EF8003F124F;
			productRefGroup = D661EC0A271A1EF8003F124F /* Products */;
			projectDirPath = "";
			projectRoot = "";
			targets = (
				D661EC08271A1EF8003F124F /* OnTheMap */,
				D661EC1E271A1EF9003F124F /* OnTheMapTests */,
				D661EC29271A1EF9003F124F /* OnTheMapUITests */,
			);
		};
/* End PBXProject section */

/* Begin PBXResourcesBuildPhase section */
		D661EC07271A1EF8003F124F /* Resources */ = {
			isa = PBXResourcesBuildPhase;
			buildActionMask = 2147483647;
			files = (
				D661EC19271A1EF9003F124F /* LaunchScreen.storyboard in Resources */,
				D661EC16271A1EF9003F124F /* Assets.xcassets in Resources */,
				D661EC14271A1EF8003F124F /* Main.storyboard in Resources */,
			);
			runOnlyForDeploymentPostprocessing = 0;
		};
		D661EC1D271A1EF9003F124F /* Resources */ = {
			isa = PBXResourcesBuildPhase;
			buildActionMask = 2147483647;
			files = (
			);
			runOnlyForDeploymentPostprocessing = 0;
		};
		D661EC28271A1EF9003F124F /* Resources */ = {
			isa = PBXResourcesBuildPhase;
			buildActionMask = 2147483647;
			files = (
			);
			runOnlyForDeploymentPostprocessing = 0;
		};
/* End PBXResourcesBuildPhase section */

/* Begin PBXSourcesBuildPhase section */
		D661EC05271A1EF8003F124F /* Sources */ = {
			isa = PBXSourcesBuildPhase;
			buildActionMask = 2147483647;
			files = (
				D65C881E278FC6D800B0C1AB /* LocationModel.swift in Sources */,
				D6A9326F276CE228001F7170 /* User.swift in Sources */,
				D6A93263276BB611001F7170 /* Session.swift in Sources */,
				D6D04678278E8A6E00B98210 /* CustomNavBarController.swift in Sources */,
				D6A93265276BB7F2001F7170 /* SessionDetails.swift in Sources */,
				D6D04674278E6A2600B98210 /* TableViewController.swift in Sources */,
				D6A9325B276AEB82001F7170 /* StudentLocation.swift in Sources */,
				D6A93269276CE069001F7170 /* LocationCreation.swift in Sources */,
				D6A932B42770E0AD001F7170 /* LoginRequest.swift in Sources */,
				D661EC11271A1EF8003F124F /* LoginViewController.swift in Sources */,
				D6A9326D276CE176001F7170 /* UserDetails.swift in Sources */,
				D661EC0D271A1EF8003F124F /* AppDelegate.swift in Sources */,
				D6A9325D276B9FE8001F7170 /* APIClient.swift in Sources */,
				D6A9326B276CE08F001F7170 /* LocationUpdation.swift in Sources */,
				D65EAF8227D7F9D300A9332F /* LoginResponse.swift in Sources */,
				D6A93267276CDA58001F7170 /* StudentInformation.swift in Sources */,
				D661EC0F271A1EF8003F124F /* SceneDelegate.swift in Sources */,
				D65EAF7D27D7C4F000A9332F /* ErrorResponse.swift in Sources */,
				D6A93261276BB603001F7170 /* Account.swift in Sources */,
				D6D04676278E820A00B98210 /* MapViewController.swift in Sources */,
			);
			runOnlyForDeploymentPostprocessing = 0;
		};
		D661EC1B271A1EF9003F124F /* Sources */ = {
			isa = PBXSourcesBuildPhase;
			buildActionMask = 2147483647;
			files = (
				D661EC24271A1EF9003F124F /* OnTheMapTests.swift in Sources */,
			);
			runOnlyForDeploymentPostprocessing = 0;
		};
		D661EC26271A1EF9003F124F /* Sources */ = {
			isa = PBXSourcesBuildPhase;
			buildActionMask = 2147483647;
			files = (
				D661EC2F271A1EF9003F124F /* OnTheMapUITests.swift in Sources */,
			);
			runOnlyForDeploymentPostprocessing = 0;
		};
/* End PBXSourcesBuildPhase section */

/* Begin PBXTargetDependency section */
		D661EC21271A1EF9003F124F /* PBXTargetDependency */ = {
			isa = PBXTargetDependency;
			target = D661EC08271A1EF8003F124F /* OnTheMap */;
			targetProxy = D661EC20271A1EF9003F124F /* PBXContainerItemProxy */;
		};
		D661EC2C271A1EF9003F124F /* PBXTargetDependency */ = {
			isa = PBXTargetDependency;
			target = D661EC08271A1EF8003F124F /* OnTheMap */;
			targetProxy = D661EC2B271A1EF9003F124F /* PBXContainerItemProxy */;
		};
/* End PBXTargetDependency section */

/* Begin PBXVariantGroup section */
		D661EC12271A1EF8003F124F /* Main.storyboard */ = {
			isa = PBXVariantGroup;
			children = (
				D661EC13271A1EF8003F124F /* Base */,
			);
			name = Main.storyboard;
			sourceTree = "<group>";
		};
		D661EC17271A1EF9003F124F /* LaunchScreen.storyboard */ = {
			isa = PBXVariantGroup;
			children = (
				D661EC18271A1EF9003F124F /* Base */,
			);
			name = LaunchScreen.storyboard;
			sourceTree = "<group>";
		};
/* End PBXVariantGroup section */

/* Begin XCBuildConfiguration section */
		D661EC31271A1EF9003F124F /* Debug */ = {
			isa = XCBuildConfiguration;
			buildSettings = {
				ALWAYS_SEARCH_USER_PATHS = NO;
				CLANG_ANALYZER_NONNULL = YES;
				CLANG_ANALYZER_NUMBER_OBJECT_CONVERSION = YES_AGGRESSIVE;
				CLANG_CXX_LANGUAGE_STANDARD = "gnu++14";
				CLANG_CXX_LIBRARY = "libc++";
				CLANG_ENABLE_MODULES = YES;
				CLANG_ENABLE_OBJC_ARC = YES;
				CLANG_ENABLE_OBJC_WEAK = YES;
				CLANG_WARN_BLOCK_CAPTURE_AUTORELEASING = YES;
				CLANG_WARN_BOOL_CONVERSION = YES;
				CLANG_WARN_COMMA = YES;
				CLANG_WARN_CONSTANT_CONVERSION = YES;
				CLANG_WARN_DEPRECATED_OBJC_IMPLEMENTATIONS = YES;
				CLANG_WARN_DIRECT_OBJC_ISA_USAGE = YES_ERROR;
				CLANG_WARN_DOCUMENTATION_COMMENTS = YES;
				CLANG_WARN_EMPTY_BODY = YES;
				CLANG_WARN_ENUM_CONVERSION = YES;
				CLANG_WARN_INFINITE_RECURSION = YES;
				CLANG_WARN_INT_CONVERSION = YES;
				CLANG_WARN_NON_LITERAL_NULL_CONVERSION = YES;
				CLANG_WARN_OBJC_IMPLICIT_RETAIN_SELF = YES;
				CLANG_WARN_OBJC_LITERAL_CONVERSION = YES;
				CLANG_WARN_OBJC_ROOT_CLASS = YES_ERROR;
				CLANG_WARN_RANGE_LOOP_ANALYSIS = YES;
				CLANG_WARN_STRICT_PROTOTYPES = YES;
				CLANG_WARN_SUSPICIOUS_MOVE = YES;
				CLANG_WARN_UNGUARDED_AVAILABILITY = YES_AGGRESSIVE;
				CLANG_WARN_UNREACHABLE_CODE = YES;
				CLANG_WARN__DUPLICATE_METHOD_MATCH = YES;
				COPY_PHASE_STRIP = NO;
				DEBUG_INFORMATION_FORMAT = dwarf;
				ENABLE_STRICT_OBJC_MSGSEND = YES;
				ENABLE_TESTABILITY = YES;
				GCC_C_LANGUAGE_STANDARD = gnu11;
				GCC_DYNAMIC_NO_PIC = NO;
				GCC_NO_COMMON_BLOCKS = YES;
				GCC_OPTIMIZATION_LEVEL = 0;
				GCC_PREPROCESSOR_DEFINITIONS = (
					"DEBUG=1",
					"$(inherited)",
				);
				GCC_WARN_64_TO_32_BIT_CONVERSION = YES;
				GCC_WARN_ABOUT_RETURN_TYPE = YES_ERROR;
				GCC_WARN_UNDECLARED_SELECTOR = YES;
				GCC_WARN_UNINITIALIZED_AUTOS = YES_AGGRESSIVE;
				GCC_WARN_UNUSED_FUNCTION = YES;
				GCC_WARN_UNUSED_VARIABLE = YES;
				IPHONEOS_DEPLOYMENT_TARGET = 13.7;
				MTL_ENABLE_DEBUG_INFO = INCLUDE_SOURCE;
				MTL_FAST_MATH = YES;
				ONLY_ACTIVE_ARCH = YES;
				SDKROOT = iphoneos;
				SWIFT_ACTIVE_COMPILATION_CONDITIONS = DEBUG;
				SWIFT_OPTIMIZATION_LEVEL = "-Onone";
			};
			name = Debug;
		};
		D661EC32271A1EF9003F124F /* Release */ = {
			isa = XCBuildConfiguration;
			buildSettings = {
				ALWAYS_SEARCH_USER_PATHS = NO;
				CLANG_ANALYZER_NONNULL = YES;
				CLANG_ANALYZER_NUMBER_OBJECT_CONVERSION = YES_AGGRESSIVE;
				CLANG_CXX_LANGUAGE_STANDARD = "gnu++14";
				CLANG_CXX_LIBRARY = "libc++";
				CLANG_ENABLE_MODULES = YES;
				CLANG_ENABLE_OBJC_ARC = YES;
				CLANG_ENABLE_OBJC_WEAK = YES;
				CLANG_WARN_BLOCK_CAPTURE_AUTORELEASING = YES;
				CLANG_WARN_BOOL_CONVERSION = YES;
				CLANG_WARN_COMMA = YES;
				CLANG_WARN_CONSTANT_CONVERSION = YES;
				CLANG_WARN_DEPRECATED_OBJC_IMPLEMENTATIONS = YES;
				CLANG_WARN_DIRECT_OBJC_ISA_USAGE = YES_ERROR;
				CLANG_WARN_DOCUMENTATION_COMMENTS = YES;
				CLANG_WARN_EMPTY_BODY = YES;
				CLANG_WARN_ENUM_CONVERSION = YES;
				CLANG_WARN_INFINITE_RECURSION = YES;
				CLANG_WARN_INT_CONVERSION = YES;
				CLANG_WARN_NON_LITERAL_NULL_CONVERSION = YES;
				CLANG_WARN_OBJC_IMPLICIT_RETAIN_SELF = YES;
				CLANG_WARN_OBJC_LITERAL_CONVERSION = YES;
				CLANG_WARN_OBJC_ROOT_CLASS = YES_ERROR;
				CLANG_WARN_RANGE_LOOP_ANALYSIS = YES;
				CLANG_WARN_STRICT_PROTOTYPES = YES;
				CLANG_WARN_SUSPICIOUS_MOVE = YES;
				CLANG_WARN_UNGUARDED_AVAILABILITY = YES_AGGRESSIVE;
				CLANG_WARN_UNREACHABLE_CODE = YES;
				CLANG_WARN__DUPLICATE_METHOD_MATCH = YES;
				COPY_PHASE_STRIP = NO;
				DEBUG_INFORMATION_FORMAT = "dwarf-with-dsym";
				ENABLE_NS_ASSERTIONS = NO;
				ENABLE_STRICT_OBJC_MSGSEND = YES;
				GCC_C_LANGUAGE_STANDARD = gnu11;
				GCC_NO_COMMON_BLOCKS = YES;
				GCC_WARN_64_TO_32_BIT_CONVERSION = YES;
				GCC_WARN_ABOUT_RETURN_TYPE = YES_ERROR;
				GCC_WARN_UNDECLARED_SELECTOR = YES;
				GCC_WARN_UNINITIALIZED_AUTOS = YES_AGGRESSIVE;
				GCC_WARN_UNUSED_FUNCTION = YES;
				GCC_WARN_UNUSED_VARIABLE = YES;
				IPHONEOS_DEPLOYMENT_TARGET = 13.7;
				MTL_ENABLE_DEBUG_INFO = NO;
				MTL_FAST_MATH = YES;
				SDKROOT = iphoneos;
				SWIFT_COMPILATION_MODE = wholemodule;
				SWIFT_OPTIMIZATION_LEVEL = "-O";
				VALIDATE_PRODUCT = YES;
			};
			name = Release;
		};
		D661EC34271A1EF9003F124F /* Debug */ = {
			isa = XCBuildConfiguration;
			buildSettings = {
				ASSETCATALOG_COMPILER_APPICON_NAME = AppIcon;
				CODE_SIGN_STYLE = Automatic;
				INFOPLIST_FILE = OnTheMap/Info.plist;
				LD_RUNPATH_SEARCH_PATHS = (
					"$(inherited)",
					"@executable_path/Frameworks",
				);
				PRODUCT_BUNDLE_IDENTIFIER = com.dharaub.OnTheMap;
				PRODUCT_NAME = "$(TARGET_NAME)";
				SWIFT_VERSION = 5.0;
				TARGETED_DEVICE_FAMILY = "1,2";
			};
			name = Debug;
		};
		D661EC35271A1EF9003F124F /* Release */ = {
			isa = XCBuildConfiguration;
			buildSettings = {
				ASSETCATALOG_COMPILER_APPICON_NAME = AppIcon;
				CODE_SIGN_STYLE = Automatic;
				INFOPLIST_FILE = OnTheMap/Info.plist;
				LD_RUNPATH_SEARCH_PATHS = (
					"$(inherited)",
					"@executable_path/Frameworks",
				);
				PRODUCT_BUNDLE_IDENTIFIER = com.dharaub.OnTheMap;
				PRODUCT_NAME = "$(TARGET_NAME)";
				SWIFT_VERSION = 5.0;
				TARGETED_DEVICE_FAMILY = "1,2";
			};
			name = Release;
		};
		D661EC37271A1EF9003F124F /* Debug */ = {
			isa = XCBuildConfiguration;
			buildSettings = {
				ALWAYS_EMBED_SWIFT_STANDARD_LIBRARIES = YES;
				BUNDLE_LOADER = "$(TEST_HOST)";
				CODE_SIGN_STYLE = Automatic;
				INFOPLIST_FILE = OnTheMapTests/Info.plist;
				IPHONEOS_DEPLOYMENT_TARGET = 13.7;
				LD_RUNPATH_SEARCH_PATHS = (
					"$(inherited)",
					"@executable_path/Frameworks",
					"@loader_path/Frameworks",
				);
				PRODUCT_BUNDLE_IDENTIFIER = com.dharaub.OnTheMapTests;
				PRODUCT_NAME = "$(TARGET_NAME)";
				SWIFT_VERSION = 5.0;
				TARGETED_DEVICE_FAMILY = "1,2";
				TEST_HOST = "$(BUILT_PRODUCTS_DIR)/OnTheMap.app/OnTheMap";
			};
			name = Debug;
		};
		D661EC38271A1EF9003F124F /* Release */ = {
			isa = XCBuildConfiguration;
			buildSettings = {
				ALWAYS_EMBED_SWIFT_STANDARD_LIBRARIES = YES;
				BUNDLE_LOADER = "$(TEST_HOST)";
				CODE_SIGN_STYLE = Automatic;
				INFOPLIST_FILE = OnTheMapTests/Info.plist;
				IPHONEOS_DEPLOYMENT_TARGET = 13.7;
				LD_RUNPATH_SEARCH_PATHS = (
					"$(inherited)",
					"@executable_path/Frameworks",
					"@loader_path/Frameworks",
				);
				PRODUCT_BUNDLE_IDENTIFIER = com.dharaub.OnTheMapTests;
				PRODUCT_NAME = "$(TARGET_NAME)";
				SWIFT_VERSION = 5.0;
				TARGETED_DEVICE_FAMILY = "1,2";
				TEST_HOST = "$(BUILT_PRODUCTS_DIR)/OnTheMap.app/OnTheMap";
			};
			name = Release;
		};
		D661EC3A271A1EF9003F124F /* Debug */ = {
			isa = XCBuildConfiguration;
			buildSettings = {
				ALWAYS_EMBED_SWIFT_STANDARD_LIBRARIES = YES;
				CODE_SIGN_STYLE = Automatic;
				INFOPLIST_FILE = OnTheMapUITests/Info.plist;
				LD_RUNPATH_SEARCH_PATHS = (
					"$(inherited)",
					"@executable_path/Frameworks",
					"@loader_path/Frameworks",
				);
				PRODUCT_BUNDLE_IDENTIFIER = com.dharaub.OnTheMapUITests;
				PRODUCT_NAME = "$(TARGET_NAME)";
				SWIFT_VERSION = 5.0;
				TARGETED_DEVICE_FAMILY = "1,2";
				TEST_TARGET_NAME = OnTheMap;
			};
			name = Debug;
		};
		D661EC3B271A1EF9003F124F /* Release */ = {
			isa = XCBuildConfiguration;
			buildSettings = {
				ALWAYS_EMBED_SWIFT_STANDARD_LIBRARIES = YES;
				CODE_SIGN_STYLE = Automatic;
				INFOPLIST_FILE = OnTheMapUITests/Info.plist;
				LD_RUNPATH_SEARCH_PATHS = (
					"$(inherited)",
					"@executable_path/Frameworks",
					"@loader_path/Frameworks",
				);
				PRODUCT_BUNDLE_IDENTIFIER = com.dharaub.OnTheMapUITests;
				PRODUCT_NAME = "$(TARGET_NAME)";
				SWIFT_VERSION = 5.0;
				TARGETED_DEVICE_FAMILY = "1,2";
				TEST_TARGET_NAME = OnTheMap;
			};
			name = Release;
		};
/* End XCBuildConfiguration section */

/* Begin XCConfigurationList section */
		D661EC04271A1EF8003F124F /* Build configuration list for PBXProject "OnTheMap" */ = {
			isa = XCConfigurationList;
			buildConfigurations = (
				D661EC31271A1EF9003F124F /* Debug */,
				D661EC32271A1EF9003F124F /* Release */,
			);
			defaultConfigurationIsVisible = 0;
			defaultConfigurationName = Release;
		};
		D661EC33271A1EF9003F124F /* Build configuration list for PBXNativeTarget "OnTheMap" */ = {
			isa = XCConfigurationList;
			buildConfigurations = (
				D661EC34271A1EF9003F124F /* Debug */,
				D661EC35271A1EF9003F124F /* Release */,
			);
			defaultConfigurationIsVisible = 0;
			defaultConfigurationName = Release;
		};
		D661EC36271A1EF9003F124F /* Build configuration list for PBXNativeTarget "OnTheMapTests" */ = {
			isa = XCConfigurationList;
			buildConfigurations = (
				D661EC37271A1EF9003F124F /* Debug */,
				D661EC38271A1EF9003F124F /* Release */,
			);
			defaultConfigurationIsVisible = 0;
			defaultConfigurationName = Release;
		};
		D661EC39271A1EF9003F124F /* Build configuration list for PBXNativeTarget "OnTheMapUITests" */ = {
			isa = XCConfigurationList;
			buildConfigurations = (
				D661EC3A271A1EF9003F124F /* Debug */,
				D661EC3B271A1EF9003F124F /* Release */,
			);
			defaultConfigurationIsVisible = 0;
			defaultConfigurationName = Release;
		};
/* End XCConfigurationList section */
	};
	rootObject = D661EC01271A1EF8003F124F /* Project object */;
}
